
Microsoft Visual Studio Solution File, Format Version 12.00
# Visual Studio Version 17
VisualStudioVersion = 17.5.002.0
MinimumVisualStudioVersion = 10.0.40219.1
Project("{9A19103F-16F7-4668-BE54-9A1E7A4F7556}") = "HandiPapi", "HandiPapi.csproj", "{600D8997-0D58-4CCE-9436-B3FE9648DCDC}"
EndProject
Global
	GlobalSection(SolutionConfigurationPlatforms) = preSolution
		Debug|Any CPU = Debug|Any CPU
		Release|Any CPU = Release|Any CPU
	EndGlobalSection
	GlobalSection(ProjectConfigurationPlatforms) = postSolution
		{600D8997-0D58-4CCE-9436-B3FE9648DCDC}.Debug|Any CPU.ActiveCfg = Debug|Any CPU
		{600D8997-0D58-4CCE-9436-B3FE9648DCDC}.Debug|Any CPU.Build.0 = Debug|Any CPU
		{600D8997-0D58-4CCE-9436-B3FE9648DCDC}.Release|Any CPU.ActiveCfg = Release|Any CPU
		{600D8997-0D58-4CCE-9436-B3FE9648DCDC}.Release|Any CPU.Build.0 = Release|Any CPU
	EndGlobalSection
	GlobalSection(SolutionProperties) = preSolution
		HideSolutionNode = FALSE
	EndGlobalSection
	GlobalSection(ExtensibilityGlobals) = postSolution
		SolutionGuid = {5290102D-CE05-46F7-B517-656AC8FCBAE8}
	EndGlobalSection
EndGlobal
